
Microsoft Visual Studio Solution File, Format Version 12.00
# Visual Studio Version 17
VisualStudioVersion = 17.11.35219.272
MinimumVisualStudioVersion = 10.0.40219.1
Project("{9A19103F-16F7-4668-BE54-9A1E7A4F7556}") = "Projeto-RazorPage-Padaria", "Projeto-RazorPage-Padaria\Projeto-RazorPage-Padaria.csproj", "{BF1B6F36-9A96-4D5D-906B-F806E6570AAE}"
EndProject
Global
	GlobalSection(SolutionConfigurationPlatforms) = preSolution
		Debug|Any CPU = Debug|Any CPU
		Release|Any CPU = Release|Any CPU
	EndGlobalSection
	GlobalSection(ProjectConfigurationPlatforms) = postSolution
		{BF1B6F36-9A96-4D5D-906B-F806E6570AAE}.Debug|Any CPU.ActiveCfg = Debug|Any CPU
		{BF1B6F36-9A96-4D5D-906B-F806E6570AAE}.Debug|Any CPU.Build.0 = Debug|Any CPU
		{BF1B6F36-9A96-4D5D-906B-F806E6570AAE}.Release|Any CPU.ActiveCfg = Release|Any CPU
		{BF1B6F36-9A96-4D5D-906B-F806E6570AAE}.Release|Any CPU.Build.0 = Release|Any CPU
	EndGlobalSection
	GlobalSection(SolutionProperties) = preSolution
		HideSolutionNode = FALSE
	EndGlobalSection
	GlobalSection(ExtensibilityGlobals) = postSolution
		SolutionGuid = {67E4F819-8FB2-4C54-A252-6D2B722F7D4B}
	EndGlobalSection
EndGlobal
